
Microsoft Visual Studio Solution File, Format Version 12.00
# Visual Studio Version 17
VisualStudioVersion = 17.8.34330.188
MinimumVisualStudioVersion = 10.0.40219.1
Project("{FAE04EC0-301F-11D3-BF4B-00C04F79EFBC}") = "TopDownShooter", "TopDownShooter\TopDownShooter.csproj", "{1BF5733A-EFA6-4A91-904F-13183C24E19A}"
EndProject
Global
	GlobalSection(SolutionConfigurationPlatforms) = preSolution
		Debug|Any CPU = Debug|Any CPU
		Release|Any CPU = Release|Any CPU
	EndGlobalSection
	GlobalSection(ProjectConfigurationPlatforms) = postSolution
		{1BF5733A-EFA6-4A91-904F-13183C24E19A}.Debug|Any CPU.ActiveCfg = Debug|Any CPU
		{1BF5733A-EFA6-4A91-904F-13183C24E19A}.Debug|Any CPU.Build.0 = Debug|Any CPU
		{1BF5733A-EFA6-4A91-904F-13183C24E19A}.Release|Any CPU.ActiveCfg = Release|Any CPU
		{1BF5733A-EFA6-4A91-904F-13183C24E19A}.Release|Any CPU.Build.0 = Release|Any CPU
	EndGlobalSection
	GlobalSection(SolutionProperties) = preSolution
		HideSolutionNode = FALSE
	EndGlobalSection
	GlobalSection(ExtensibilityGlobals) = postSolution
		SolutionGuid = {A7DB1320-2505-4F96-8E38-8A6B78E9C5F2}
	EndGlobalSection
EndGlobal
